
Microsoft Visual Studio Solution File, Format Version 12.00
# Visual Studio Version 17
VisualStudioVersion = 17.13.35825.156
MinimumVisualStudioVersion = 10.0.40219.1
Project("{FAE04EC0-301F-11D3-BF4B-00C04F79EFBC}") = "StockManagement", "StockManagement\StockManagement.csproj", "{02E697C6-A10E-45F5-9B51-9635D85068BF}"
EndProject
Project("{FAE04EC0-301F-11D3-BF4B-00C04F79EFBC}") = "Entities", "Entities\Entities.csproj", "{FAD6F2DB-4AED-432A-8086-7B0AA173CD7F}"
EndProject
Project("{FAE04EC0-301F-11D3-BF4B-00C04F79EFBC}") = "RepositoryContracts", "RepositoryContracts\RepositoryContracts.csproj", "{1A39CD5A-2C1B-4958-BA16-67E632FDC051}"
EndProject
Project("{FAE04EC0-301F-11D3-BF4B-00C04F79EFBC}") = "Repositories", "Repositories\Repositories.csproj", "{5AF91249-0B6A-40C7-B60C-5B969FDE4200}"
EndProject
Project("{FAE04EC0-301F-11D3-BF4B-00C04F79EFBC}") = "ServiceContracts", "ServiceContracts\ServiceContracts.csproj", "{2A63F8AD-066D-4C8D-A95D-2C88E2E587A8}"
EndProject
Project("{FAE04EC0-301F-11D3-BF4B-00C04F79EFBC}") = "Services", "Services\Services.csproj", "{6C134C1A-2A30-455B-A5F9-E72EACA7F9E1}"
EndProject
Global
	GlobalSection(SolutionConfigurationPlatforms) = preSolution
		Debug|Any CPU = Debug|Any CPU
		Release|Any CPU = Release|Any CPU
	EndGlobalSection
	GlobalSection(ProjectConfigurationPlatforms) = postSolution
		{02E697C6-A10E-45F5-9B51-9635D85068BF}.Debug|Any CPU.ActiveCfg = Debug|Any CPU
		{02E697C6-A10E-45F5-9B51-9635D85068BF}.Debug|Any CPU.Build.0 = Debug|Any CPU
		{02E697C6-A10E-45F5-9B51-9635D85068BF}.Release|Any CPU.ActiveCfg = Release|Any CPU
		{02E697C6-A10E-45F5-9B51-9635D85068BF}.Release|Any CPU.Build.0 = Release|Any CPU
		{FAD6F2DB-4AED-432A-8086-7B0AA173CD7F}.Debug|Any CPU.ActiveCfg = Debug|Any CPU
		{FAD6F2DB-4AED-432A-8086-7B0AA173CD7F}.Debug|Any CPU.Build.0 = Debug|Any CPU
		{FAD6F2DB-4AED-432A-8086-7B0AA173CD7F}.Release|Any CPU.ActiveCfg = Release|Any CPU
		{FAD6F2DB-4AED-432A-8086-7B0AA173CD7F}.Release|Any CPU.Build.0 = Release|Any CPU
		{1A39CD5A-2C1B-4958-BA16-67E632FDC051}.Debug|Any CPU.ActiveCfg = Debug|Any CPU
		{1A39CD5A-2C1B-4958-BA16-67E632FDC051}.Debug|Any CPU.Build.0 = Debug|Any CPU
		{1A39CD5A-2C1B-4958-BA16-67E632FDC051}.Release|Any CPU.ActiveCfg = Release|Any CPU
		{1A39CD5A-2C1B-4958-BA16-67E632FDC051}.Release|Any CPU.Build.0 = Release|Any CPU
		{5AF91249-0B6A-40C7-B60C-5B969FDE4200}.Debug|Any CPU.ActiveCfg = Debug|Any CPU
		{5AF91249-0B6A-40C7-B60C-5B969FDE4200}.Debug|Any CPU.Build.0 = Debug|Any CPU
		{5AF91249-0B6A-40C7-B60C-5B969FDE4200}.Release|Any CPU.ActiveCfg = Release|Any CPU
		{5AF91249-0B6A-40C7-B60C-5B969FDE4200}.Release|Any CPU.Build.0 = Release|Any CPU
		{2A63F8AD-066D-4C8D-A95D-2C88E2E587A8}.Debug|Any CPU.ActiveCfg = Debug|Any CPU
		{2A63F8AD-066D-4C8D-A95D-2C88E2E587A8}.Debug|Any CPU.Build.0 = Debug|Any CPU
		{2A63F8AD-066D-4C8D-A95D-2C88E2E587A8}.Release|Any CPU.ActiveCfg = Release|Any CPU
		{2A63F8AD-066D-4C8D-A95D-2C88E2E587A8}.Release|Any CPU.Build.0 = Release|Any CPU
		{6C134C1A-2A30-455B-A5F9-E72EACA7F9E1}.Debug|Any CPU.ActiveCfg = Debug|Any CPU
		{6C134C1A-2A30-455B-A5F9-E72EACA7F9E1}.Debug|Any CPU.Build.0 = Debug|Any CPU
		{6C134C1A-2A30-455B-A5F9-E72EACA7F9E1}.Release|Any CPU.ActiveCfg = Release|Any CPU
		{6C134C1A-2A30-455B-A5F9-E72EACA7F9E1}.Release|Any CPU.Build.0 = Release|Any CPU
	EndGlobalSection
	GlobalSection(SolutionProperties) = preSolution
		HideSolutionNode = FALSE
	EndGlobalSection
	GlobalSection(ExtensibilityGlobals) = postSolution
		SolutionGuid = {B0F0FEE6-2964-4990-9497-1F7D435E539C}
	EndGlobalSection
EndGlobal
